<?xml version="1.0" encoding="utf-8"?>
<Project ToolsVersion="4.0" xmlns="http://schemas.microsoft.com/developer/msbuild/2003">
  <ItemGroup>
    <Filter Include="Source Files">
      <UniqueIdentifier>{4FC737F1-C7A5-4376-A066-2A32D752A2FF}</UniqueIdentifier>
      <Extensions>cpp;c;cc;cxx;c++;cppm;ixx;def;odl;idl;hpj;bat;asm;asmx</Extensions>
    </Filter>
    <Filter Include="Header Files">
      <UniqueIdentifier>{93995380-89BD-4b04-88EB-625FBE52EBFB}</UniqueIdentifier>
      <Extensions>h;hh;hpp;hxx;h++;hm;inl;inc;ipp;xsd</Extensions>
    </Filter>
    <Filter Include="Resource Files">
      <UniqueIdentifier>{67DA6AB6-F800-4c08-8B7A-83BB121AAD01}</UniqueIdentifier>
      <Extensions>rc;ico;cur;bmp;dlg;rc2;rct;bin;rgs;gif;jpg;jpeg;jpe;resx;tiff;tif;png;wav;mfcribbon-ms</Extensions>
    </Filter>
  </ItemGroup>
  <ItemGroup>
    <ClCompile Include="Source.cpp">
      <Filter>Source Files</Filter>
    </ClCompile>
    <ClCompile Include="ShaderLoader.cpp">
      <Filter>Source Files</Filter>
    </ClCompile>
    <ClCompile Include="CCamera.cpp">
      <Filter>Source Files</Filter>
    </ClCompile>
    <ClCompile Include="CModel.cpp">
      <Filter>Source Files</Filter>
    </ClCompile>
    <ClCompile Include="CLightManager.cpp">
      <Filter>Source Files</Filter>
    </ClCompile>
    <ClCompile Include="CSkyBox.cpp">
      <Filter>Source Files</Filter>
    </ClCompile>
    <ClCompile Include="CHeightMap.cpp">
      <Filter>Source Files</Filter>
    </ClCompile>
    <ClCompile Include="CFramebuffer.cpp">
      <Filter>Source Files</Filter>
    </ClCompile>
    <ClCompile Include="CPerlinNoise.cpp">
      <Filter>Source Files</Filter>
    </ClCompile>
    <ClCompile Include="CScene.cpp">
      <Filter>Source Files</Filter>
    </ClCompile>
    <ClCompile Include="CQuad.cpp">
      <Filter>Source Files</Filter>
    </ClCompile>
    <ClCompile Include="CFrameBufferQuad.cpp">
      <Filter>Source Files</Filter>
    </ClCompile>
    <ClCompile Include="CShadowMap.cpp">
      <Filter>Source Files</Filter>
    </ClCompile>
    <ClCompile Include="CParticleSystem.cpp">
      <Filter>Source Files</Filter>
    </ClCompile>
    <ClCompile Include="CGeometryBuffer.cpp">
      <Filter>Source Files</Filter>
    </ClCompile>
    <ClCompile Include="CTessellationMesh.cpp">
      <Filter>Source Files</Filter>
    </ClCompile>
  </ItemGroup>
  <ItemGroup>
    <ClInclude Include="ShaderLoader.h">
      <Filter>Header Files</Filter>
    </ClInclude>
    <ClInclude Include="CCamera.h">
      <Filter>Header Files</Filter>
    </ClInclude>
    <ClInclude Include="CModel.h">
      <Filter>Header Files</Filter>
    </ClInclude>
    <ClInclude Include="CLightManager.h">
      <Filter>Header Files</Filter>
    </ClInclude>
    <ClInclude Include="CSkyBox.h">
      <Filter>Header Files</Filter>
    </ClInclude>
    <ClInclude Include="CHeightMap.h">
      <Filter>Header Files</Filter>
    </ClInclude>
    <ClInclude Include="CFramebuffer.h">
      <Filter>Header Files</Filter>
    </ClInclude>
    <ClInclude Include="CPerlinNoise.h">
      <Filter>Header Files</Filter>
    </ClInclude>
    <ClInclude Include="CScene.h">
      <Filter>Header Files</Filter>
    </ClInclude>
    <ClInclude Include="CQuad.h">
      <Filter>Header Files</Filter>
    </ClInclude>
    <ClInclude Include="CFrameBufferQuad.h">
      <Filter>Header Files</Filter>
    </ClInclude>
    <ClInclude Include="CShadowMap.h">
      <Filter>Header Files</Filter>
    </ClInclude>
    <ClInclude Include="CParticleSystem.h">
      <Filter>Header Files</Filter>
    </ClInclude>
    <ClInclude Include="CGeometryBuffer.h">
      <Filter>Header Files</Filter>
    </ClInclude>
    <ClInclude Include="CTessellationMesh.h">
      <Filter>Header Files</Filter>
    </ClInclude>
  </ItemGroup>
  <ItemGroup>
    <Text Include="Resources\Shaders\3DModel.frag">
      <Filter>Resource Files</Filter>
    </Text>
    <Text Include="Resources\Shaders\3DModel.vert">
      <Filter>Resource Files</Filter>
    </Text>
    <Text Include="Resources\Shaders\InstancedArray_Standard.vert">
      <Filter>Resource Files</Filter>
    </Text>
    <Text Include="Resources\Shaders\Lighting_BlinnPhong.frag">
      <Filter>Resource Files</Filter>
    </Text>
    <Text Include="Resources\Shaders\Skybox.frag">
      <Filter>Resource Files</Filter>
    </Text>
    <Text Include="Resources\Shaders\Skybox.vert">
      <Filter>Resource Files</Filter>
    </Text>
  </ItemGroup>
  <ItemGroup>
    <None Include="Resources\Shaders\onePointLight.frag">
      <Filter>Resource Files</Filter>
    </None>
    <None Include="Resources\Shaders\Lighting_HeightMap.frag">
      <Filter>Resource Files</Filter>
    </None>
    <None Include="Resources\Shaders\HeightMap.vert">
      <Filter>Resource Files</Filter>
    </None>
    <None Include="Resources\Shaders\Squares.vert">
      <Filter>Resource Files</Filter>
    </None>
    <None Include="Resources\Shaders\Squares.frag">
      <Filter>Resource Files</Filter>
    </None>
    <None Include="Resources\Shaders\RenderBuffer.vert">
      <Filter>Resource Files</Filter>
    </None>
    <None Include="Resources\Shaders\FrameBuffer\RenderBuffer.frag">
      <Filter>Resource Files</Filter>
    </None>
    <None Include="Resources\Shaders\FrameBuffer\Greyscale.frag">
      <Filter>Resource Files</Filter>
    </None>
    <None Include="Resources\Shaders\FrameBuffer\InverseColour.frag">
      <Filter>Resource Files</Filter>
    </None>
    <None Include="Resources\Shaders\FrameBuffer\Effect.frag">
      <Filter>Resource Files</Filter>
    </None>
    <None Include="Resources\Shaders\FrameBuffer\Cartoon.frag">
      <Filter>Resource Files</Filter>
    </None>
    <None Include="Resources\Shaders\FrameBuffer\Rain.frag">
      <Filter>Resource Files</Filter>
    </None>
    <None Include="Resources\Shaders\ComputeParticles.comp">
      <Filter>Resource Files</Filter>
    </None>
    <None Include="Resources\Shaders\Particles.frag">
      <Filter>Resource Files</Filter>
    </None>
    <None Include="Resources\Shaders\Particles.vert">
      <Filter>Resource Files</Filter>
    </None>
    <None Include="Resources\Shaders\FrameBuffer\ShadowPass.frag">
      <Filter>Resource Files</Filter>
    </None>
    <None Include="Resources\Shaders\FrameBuffer\ShadowPass.vert">
      <Filter>Resource Files</Filter>
    </None>
    <None Include="Resources\Shaders\Lighting_PointLights.frag">
      <Filter>Resource Files</Filter>
    </None>
    <None Include="Resources\Shaders\FrameBuffer\GeometryPass.frag">
      <Filter>Resource Files</Filter>
    </None>
    <None Include="Resources\Shaders\FrameBuffer\GeometryPass.vert">
      <Filter>Resource Files</Filter>
    </None>
    <None Include="Resources\Shaders\FrameBuffer\LightingPass.frag">
      <Filter>Resource Files</Filter>
    </None>
    <None Include="Resources\Shaders\FrameBuffer\LightingPass.vert">
      <Filter>Resource Files</Filter>
    </None>
    <None Include="Resources\Shaders\FrameBuffer\GeometryPassHeightMap.frag">
      <Filter>Resource Files</Filter>
    </None>
    <None Include="Resources\Shaders\FrameBuffer\GeometryPassHeightMap.vert">
      <Filter>Resource Files</Filter>
    </None>
    <None Include="Resources\Shaders\FrameBuffer\LightingPassHeightMap.vert">
      <Filter>Resource Files</Filter>
    </None>
    <None Include="Resources\Shaders\FrameBuffer\LightingPassHeightMap.frag">
      <Filter>Resource Files</Filter>
    </None>
    <None Include="Resources\Shaders\Tessellation.vert">
      <Filter>Resource Files</Filter>
    </None>
    <None Include="Resources\Shaders\Tessellation.frag">
      <Filter>Resource Files</Filter>
    </None>
    <None Include="Resources\Shaders\Tessellation.tcs">
      <Filter>Resource Files</Filter>
    </None>
    <None Include="Resources\Shaders\Tessellation.tes">
      <Filter>Resource Files</Filter>
    </None>
    <None Include="Resources\Shaders\PointLights\PointLight1.frag">
      <Filter>Resource Files</Filter>
    </None>
    <None Include="Resources\Shaders\PointLights\PointLight2.frag">
      <Filter>Resource Files</Filter>
    </None>
    <None Include="Resources\Shaders\PointLights\PointLight3.frag">
      <Filter>Resource Files</Filter>
    </None>
    <None Include="Resources\Shaders\PointLights\PointLight4.frag">
      <Filter>Resource Files</Filter>
    </None>
    <None Include="Resources\Shaders\PointLights\PointLight5.frag">
      <Filter>Resource Files</Filter>
    </None>
    <None Include="Resources\Shaders\PointLights\PointLight6.frag">
      <Filter>Resource Files</Filter>
    </None>
    <None Include="Resources\Shaders\PointLights\PointLight7.frag">
      <Filter>Resource Files</Filter>
    </None>
    <None Include="Resources\Shaders\PointLights\PointLight8.frag">
      <Filter>Resource Files</Filter>
    </None>
    <None Include="Resources\Shaders\PointLights\PointLight9.frag">
      <Filter>Resource Files</Filter>
    </None>
    <None Include="Resources\Shaders\PointLights\PointLight10.frag">
      <Filter>Resource Files</Filter>
    </None>
  </ItemGroup>
</Project>