<?xml version="1.0" encoding="utf-8"?>
<Project ToolsVersion="4.0" xmlns="http://schemas.microsoft.com/developer/msbuild/2003">
  <ItemGroup>
    <Filter Include="Source Files">
      <UniqueIdentifier>{4FC737F1-C7A5-4376-A066-2A32D752A2FF}</UniqueIdentifier>
      <Extensions>cpp;c;cc;cxx;c++;cppm;ixx;def;odl;idl;hpj;bat;asm;asmx</Extensions>
    </Filter>
    <Filter Include="Header Files">
      <UniqueIdentifier>{93995380-89BD-4b04-88EB-625FBE52EBFB}</UniqueIdentifier>
      <Extensions>h;hh;hpp;hxx;h++;hm;inl;inc;ipp;xsd</Extensions>
    </Filter>
    <Filter Include="Resource Files">
      <UniqueIdentifier>{67DA6AB6-F800-4c08-8B7A-83BB121AAD01}</UniqueIdentifier>
      <Extensions>rc;ico;cur;bmp;dlg;rc2;rct;bin;rgs;gif;jpg;jpeg;jpe;resx;tiff;tif;png;wav;mfcribbon-ms</Extensions>
    </Filter>
  </ItemGroup>
  <ItemGroup>
    <ClCompile Include="Source.cpp">
      <Filter>Source Files</Filter>
    </ClCompile>
    <ClCompile Include="ShaderLoader.cpp">
      <Filter>Source Files</Filter>
    </ClCompile>
    <ClCompile Include="CCamera.cpp">
      <Filter>Source Files</Filter>
    </ClCompile>
    <ClCompile Include="CModel.cpp">
      <Filter>Source Files</Filter>
    </ClCompile>
    <ClCompile Include="CLightManager.cpp">
      <Filter>Source Files</Filter>
    </ClCompile>
    <ClCompile Include="CSkyBox.cpp">
      <Filter>Source Files</Filter>
    </ClCompile>
    <ClCompile Include="CHeightMap.cpp">
      <Filter>Source Files</Filter>
    </ClCompile>
    <ClCompile Include="CFramebuffer.cpp">
      <Filter>Source Files</Filter>
    </ClCompile>
  </ItemGroup>
  <ItemGroup>
    <ClInclude Include="ShaderLoader.h">
      <Filter>Header Files</Filter>
    </ClInclude>
    <ClInclude Include="CCamera.h">
      <Filter>Header Files</Filter>
    </ClInclude>
    <ClInclude Include="CModel.h">
      <Filter>Header Files</Filter>
    </ClInclude>
    <ClInclude Include="CLightManager.h">
      <Filter>Header Files</Filter>
    </ClInclude>
    <ClInclude Include="CSkyBox.h">
      <Filter>Header Files</Filter>
    </ClInclude>
    <ClInclude Include="CHeightMap.h">
      <Filter>Header Files</Filter>
    </ClInclude>
    <ClInclude Include="CFramebuffer.h">
      <Filter>Header Files</Filter>
    </ClInclude>
  </ItemGroup>
  <ItemGroup>
    <Text Include="Resources\Shaders\3DModel.frag">
      <Filter>Resource Files</Filter>
    </Text>
    <Text Include="Resources\Shaders\3DModel.vert">
      <Filter>Resource Files</Filter>
    </Text>
    <Text Include="Resources\Shaders\InstancedArray_Standard.vert">
      <Filter>Resource Files</Filter>
    </Text>
    <Text Include="Resources\Shaders\Lighting_BlinnPhong.frag">
      <Filter>Resource Files</Filter>
    </Text>
    <Text Include="Resources\Shaders\Skybox.frag">
      <Filter>Resource Files</Filter>
    </Text>
    <Text Include="Resources\Shaders\Skybox.vert">
      <Filter>Resource Files</Filter>
    </Text>
  </ItemGroup>
  <ItemGroup>
    <None Include="Resources\Shaders\onePointLight.frag">
      <Filter>Resource Files</Filter>
    </None>
    <None Include="PointLight1.frag">
      <Filter>Resource Files</Filter>
    </None>
    <None Include="PointLight2.frag">
      <Filter>Resource Files</Filter>
    </None>
    <None Include="Resources\Shaders\PointLight1.frag">
      <Filter>Resource Files</Filter>
    </None>
    <None Include="Resources\Shaders\PointLight2.frag">
      <Filter>Resource Files</Filter>
    </None>
    <None Include="Resources\Shaders\Lighting_HeightMap.frag">
      <Filter>Resource Files</Filter>
    </None>
    <None Include="Resources\Shaders\HeightMap.vert">
      <Filter>Resource Files</Filter>
    </None>
  </ItemGroup>
</Project>